
Microsoft Visual Studio Solution File, Format Version 12.00
# Visual Studio 15
VisualStudioVersion = 15.0.28307.421
MinimumVisualStudioVersion = 10.0.40219.1
Project("{FAE04EC0-301F-11D3-BF4B-00C04F79EFBC}") = "OLED", "OLED\OLED.csproj", "{7AB75E0A-8EAE-471E-A198-DCBEF1391ACA}"
EndProject
Global
	GlobalSection(SolutionConfigurationPlatforms) = preSolution
		Debug|Any CPU = Debug|Any CPU
		Release|Any CPU = Release|Any CPU
	EndGlobalSection
	GlobalSection(ProjectConfigurationPlatforms) = postSolution
		{7AB75E0A-8EAE-471E-A198-DCBEF1391ACA}.Debug|Any CPU.ActiveCfg = Debug|Any CPU
		{7AB75E0A-8EAE-471E-A198-DCBEF1391ACA}.Debug|Any CPU.Build.0 = Debug|Any CPU
		{7AB75E0A-8EAE-471E-A198-DCBEF1391ACA}.Release|Any CPU.ActiveCfg = Release|Any CPU
		{7AB75E0A-8EAE-471E-A198-DCBEF1391ACA}.Release|Any CPU.Build.0 = Release|Any CPU
	EndGlobalSection
	GlobalSection(SolutionProperties) = preSolution
		HideSolutionNode = FALSE
	EndGlobalSection
	GlobalSection(ExtensibilityGlobals) = postSolution
		SolutionGuid = {EA5AE820-D122-435D-B29A-01F637FF6481}
	EndGlobalSection
EndGlobal
